{
  "name": "neeeee",
  "version": "1.0.0",
  "lockfileVersion": 2,
  "requires": true,
  "packages": {
    "": {
      "name": "neeeee",
      "version": "1.0.0",
      "license": "ISC",
      "dependencies": {
        "js-markov": "^3.0.3"
      }
    },
    "node_modules/js-markov": {
      "version": "3.0.3",
      "resolved": "https://registry.npmjs.org/js-markov/-/js-markov-3.0.3.tgz",
      "integrity": "sha512-UgKhwGn5G2XgPr13VK73ExrMVsZCrr7XbH34mKAD96qwjMg+3w0wgUDeJg6g9YqMhabLElFm3Kr8P5Ej9KKFyg=="
    }
  },
  "dependencies": {
    "js-markov": {
      "version": "3.0.3",
      "resolved": "https://registry.npmjs.org/js-markov/-/js-markov-3.0.3.tgz",
      "integrity": "sha512-UgKhwGn5G2XgPr13VK73ExrMVsZCrr7XbH34mKAD96qwjMg+3w0wgUDeJg6g9YqMhabLElFm3Kr8P5Ej9KKFyg=="
    }
  }
}
